
Microsoft Visual Studio Solution File, Format Version 12.00
# Visual Studio 2013
VisualStudioVersion = 12.0.30501.0
MinimumVisualStudioVersion = 10.0.40219.1
Project("{8BC9CEB8-8B4A-11D0-8D11-00A0C91BC942}") = "VisorRealSense", "VisorRealSense\VisorRealSense.vcxproj", "{B12702AD-ABFB-343A-A199-8E24837244A3}"
EndProject
Project("{8BC9CEB8-8B4A-11D0-8D11-00A0C91BC942}") = "VisorRealSenseOne", "VisorRealSenseOne\VisorRealSenseOne.vcxproj", "{37281FFC-F91D-4737-8AC1-F2E09267FB63}"
EndProject
Project("{8BC9CEB8-8B4A-11D0-8D11-00A0C91BC942}") = "samplesGenerator", "samplesGenerator\samplesGenerator.vcxproj", "{B9827777-B54E-4759-B650-377D2F2E4447}"
EndProject
Project("{8BC9CEB8-8B4A-11D0-8D11-00A0C91BC942}") = "svmGenerator", "svmGenerator\svmGenerator.vcxproj", "{608A48FB-11E3-4003-AD35-A0B77E477E8C}"
EndProject
Project("{8BC9CEB8-8B4A-11D0-8D11-00A0C91BC942}") = "attack_viewer_F200", "attack_viewer_F200\attack_viewer_F200.vcxproj", "{3BA3A1E7-2005-444D-A6EF-734175C59E12}"
EndProject
Project("{8BC9CEB8-8B4A-11D0-8D11-00A0C91BC942}") = "morphing", "morphing\morphing.vcxproj", "{32903536-22D4-43B0-B7F5-4357CBA3AD84}"
EndProject
Project("{8BC9CEB8-8B4A-11D0-8D11-00A0C91BC942}") = "VisorAttack", "VisorAttack\VisorAttack.vcxproj", "{AC6A0A42-E798-4636-A4C6-5267B4FC5505}"
EndProject
Project("{8BC9CEB8-8B4A-11D0-8D11-00A0C91BC942}") = "generateMorphingScores", "generateMorphingScores\generateMorphingScores.vcxproj", "{08D0D243-89DF-4CAF-8ABC-8FEBD8D594B2}"
EndProject
Global
	GlobalSection(SolutionConfigurationPlatforms) = preSolution
		Debug|Win32 = Debug|Win32
		Release|Win32 = Release|Win32
	EndGlobalSection
	GlobalSection(ProjectConfigurationPlatforms) = postSolution
		{B12702AD-ABFB-343A-A199-8E24837244A3}.Debug|Win32.ActiveCfg = Debug|Win32
		{B12702AD-ABFB-343A-A199-8E24837244A3}.Debug|Win32.Build.0 = Debug|Win32
		{B12702AD-ABFB-343A-A199-8E24837244A3}.Release|Win32.ActiveCfg = Release|Win32
		{B12702AD-ABFB-343A-A199-8E24837244A3}.Release|Win32.Build.0 = Release|Win32
		{37281FFC-F91D-4737-8AC1-F2E09267FB63}.Debug|Win32.ActiveCfg = Debug|Win32
		{37281FFC-F91D-4737-8AC1-F2E09267FB63}.Debug|Win32.Build.0 = Debug|Win32
		{37281FFC-F91D-4737-8AC1-F2E09267FB63}.Release|Win32.ActiveCfg = Release|Win32
		{37281FFC-F91D-4737-8AC1-F2E09267FB63}.Release|Win32.Build.0 = Release|Win32
		{B9827777-B54E-4759-B650-377D2F2E4447}.Debug|Win32.ActiveCfg = Debug|Win32
		{B9827777-B54E-4759-B650-377D2F2E4447}.Debug|Win32.Build.0 = Debug|Win32
		{B9827777-B54E-4759-B650-377D2F2E4447}.Release|Win32.ActiveCfg = Release|Win32
		{B9827777-B54E-4759-B650-377D2F2E4447}.Release|Win32.Build.0 = Release|Win32
		{608A48FB-11E3-4003-AD35-A0B77E477E8C}.Debug|Win32.ActiveCfg = Debug|Win32
		{608A48FB-11E3-4003-AD35-A0B77E477E8C}.Debug|Win32.Build.0 = Debug|Win32
		{608A48FB-11E3-4003-AD35-A0B77E477E8C}.Release|Win32.ActiveCfg = Release|Win32
		{608A48FB-11E3-4003-AD35-A0B77E477E8C}.Release|Win32.Build.0 = Release|Win32
		{3BA3A1E7-2005-444D-A6EF-734175C59E12}.Debug|Win32.ActiveCfg = Debug|Win32
		{3BA3A1E7-2005-444D-A6EF-734175C59E12}.Debug|Win32.Build.0 = Debug|Win32
		{3BA3A1E7-2005-444D-A6EF-734175C59E12}.Release|Win32.ActiveCfg = Release|Win32
		{3BA3A1E7-2005-444D-A6EF-734175C59E12}.Release|Win32.Build.0 = Release|Win32
		{32903536-22D4-43B0-B7F5-4357CBA3AD84}.Debug|Win32.ActiveCfg = Debug|Win32
		{32903536-22D4-43B0-B7F5-4357CBA3AD84}.Debug|Win32.Build.0 = Debug|Win32
		{32903536-22D4-43B0-B7F5-4357CBA3AD84}.Release|Win32.ActiveCfg = Release|Win32
		{32903536-22D4-43B0-B7F5-4357CBA3AD84}.Release|Win32.Build.0 = Release|Win32
		{AC6A0A42-E798-4636-A4C6-5267B4FC5505}.Debug|Win32.ActiveCfg = Debug|Win32
		{AC6A0A42-E798-4636-A4C6-5267B4FC5505}.Debug|Win32.Build.0 = Debug|Win32
		{AC6A0A42-E798-4636-A4C6-5267B4FC5505}.Release|Win32.ActiveCfg = Release|Win32
		{AC6A0A42-E798-4636-A4C6-5267B4FC5505}.Release|Win32.Build.0 = Release|Win32
		{08D0D243-89DF-4CAF-8ABC-8FEBD8D594B2}.Debug|Win32.ActiveCfg = Debug|Win32
		{08D0D243-89DF-4CAF-8ABC-8FEBD8D594B2}.Debug|Win32.Build.0 = Debug|Win32
		{08D0D243-89DF-4CAF-8ABC-8FEBD8D594B2}.Release|Win32.ActiveCfg = Release|Win32
		{08D0D243-89DF-4CAF-8ABC-8FEBD8D594B2}.Release|Win32.Build.0 = Release|Win32
	EndGlobalSection
	GlobalSection(SolutionProperties) = preSolution
		HideSolutionNode = FALSE
	EndGlobalSection
EndGlobal
